{
  "name": "challenge_1",
  "version": "1.0.0",
  "lockfileVersion": 2,
  "requires": true,
  "packages": {
    "": {
      "name": "challenge_1",
      "version": "1.0.0",
      "license": "ISC",
      "dependencies": {
        "wired-elements": "^3.0.0-rc.6",
        "xp.css": "^0.3.0"
      },
      "devDependencies": {
        "isometricsass": "^1.0.7"
      }
    },
    "node_modules/@lit/reactive-element": {
      "version": "1.0.1",
      "resolved": "https://registry.npmjs.org/@lit/reactive-element/-/reactive-element-1.0.1.tgz",
      "integrity": "sha512-nSD5AA2AZkKuXuvGs8IK7K5ZczLAogfDd26zT9l6S7WzvqALdVWcW5vMUiTnZyj5SPcNwNNANj0koeV1ieqTFQ=="
    },
    "node_modules/@types/trusted-types": {
      "version": "2.0.2",
      "resolved": "https://registry.npmjs.org/@types/trusted-types/-/trusted-types-2.0.2.tgz",
      "integrity": "sha512-F5DIZ36YVLE+PN+Zwws4kJogq47hNgX3Nx6WyDJ3kcplxyke3XIzB8uK5n/Lpm1HBsbGzd6nmGehL8cPekP+Tg=="
    },
    "node_modules/isometricsass": {
      "version": "1.0.7",
      "resolved": "https://registry.npmjs.org/isometricsass/-/isometricsass-1.0.7.tgz",
      "integrity": "sha512-YmRah3bg/+ZGPodIfGGChtwwZoy7ACai8mrxbjctXVB60xwo4+r28moNTQO2TsdRADa/tTOq6dfVj3f6PITIAA==",
      "dev": true
    },
    "node_modules/lit": {
      "version": "2.0.2",
      "resolved": "https://registry.npmjs.org/lit/-/lit-2.0.2.tgz",
      "integrity": "sha512-hKA/1YaSB+P+DvKWuR2q1Xzy/iayhNrJ3aveD0OQ9CKn6wUjsdnF/7LavDOJsKP/K5jzW/kXsuduPgRvTFrFJw==",
      "dependencies": {
        "@lit/reactive-element": "^1.0.0",
        "lit-element": "^3.0.0",
        "lit-html": "^2.0.0"
      }
    },
    "node_modules/lit-element": {
      "version": "3.0.1",
      "resolved": "https://registry.npmjs.org/lit-element/-/lit-element-3.0.1.tgz",
      "integrity": "sha512-vs9uybH9ORyK49CFjoNGN85HM9h5bmisU4TQ63phe/+GYlwvY/3SIFYKdjV6xNvzz8v2MnVC+9+QOkPqh+Q3Ew==",
      "dependencies": {
        "@lit/reactive-element": "^1.0.0",
        "lit-html": "^2.0.0"
      }
    },
    "node_modules/lit-html": {
      "version": "2.0.1",
      "resolved": "https://registry.npmjs.org/lit-html/-/lit-html-2.0.1.tgz",
      "integrity": "sha512-KF5znvFdXbxTYM/GjpdOOnMsjgRcFGusTnB54ixnCTya5zUR0XqrDRj29ybuLS+jLXv1jji6Y8+g4W7WP8uL4w==",
      "dependencies": {
        "@types/trusted-types": "^2.0.2"
      }
    },
    "node_modules/path-data-parser": {
      "version": "0.1.0",
      "resolved": "https://registry.npmjs.org/path-data-parser/-/path-data-parser-0.1.0.tgz",
      "integrity": "sha512-NOnmBpt5Y2RWbuv0LMzsayp3lVylAHLPUTut412ZA3l+C4uw4ZVkQbjShYCQ8TCpUMdPapr4YjUqLYD6v68j+w=="
    },
    "node_modules/points-on-curve": {
      "version": "0.2.0",
      "resolved": "https://registry.npmjs.org/points-on-curve/-/points-on-curve-0.2.0.tgz",
      "integrity": "sha512-0mYKnYYe9ZcqMCWhUjItv/oHjvgEsfKvnUTg8sAtnHr3GVy7rGkXCb6d5cSyqrWqL4k81b9CPg3urd+T7aop3A=="
    },
    "node_modules/points-on-path": {
      "version": "0.2.1",
      "resolved": "https://registry.npmjs.org/points-on-path/-/points-on-path-0.2.1.tgz",
      "integrity": "sha512-25ClnWWuw7JbWZcgqY/gJ4FQWadKxGWk+3kR/7kD0tCaDtPPMj7oHu2ToLaVhfpnHrZzYby2w6tUA0eOIuUg8g==",
      "dependencies": {
        "path-data-parser": "0.1.0",
        "points-on-curve": "0.2.0"
      }
    },
    "node_modules/roughjs": {
      "version": "4.4.1",
      "resolved": "https://registry.npmjs.org/roughjs/-/roughjs-4.4.1.tgz",
      "integrity": "sha512-/RZvyVquID319VDc9HsF8wn8VPpbMBVdr4NMCi7mta9UeBBeqP6h5Hg4GZXG29DL6jwTkfMjyth/MF7Hn6Sq/w==",
      "dependencies": {
        "path-data-parser": "^0.1.0",
        "points-on-curve": "^0.2.0",
        "points-on-path": "^0.2.1"
      }
    },
    "node_modules/wired-elements": {
      "version": "3.0.0-rc.6",
      "resolved": "https://registry.npmjs.org/wired-elements/-/wired-elements-3.0.0-rc.6.tgz",
      "integrity": "sha512-EXEOj3okM38tM6uS6I9rXUg545dLxhAmSoqgH8FTnqjXcH6fvNNbT8tyw5c3D5AY1qoVN7vk8S1n0Ulnly9iQw==",
      "dependencies": {
        "lit": "^2.0.0-rc.1",
        "roughjs": "^4.3.1"
      }
    },
    "node_modules/xp.css": {
      "version": "0.3.0",
      "resolved": "https://registry.npmjs.org/xp.css/-/xp.css-0.3.0.tgz",
      "integrity": "sha512-+J2RkwXfJsTjoJO0VDz4F4Wqan7tvkxjRArAjmMWAqrlZ775zyEhq1nVRNcPgka0aq9sXQWY3Tc3MvwDerfzxg=="
    }
  },
  "dependencies": {
    "@lit/reactive-element": {
      "version": "1.0.1",
      "resolved": "https://registry.npmjs.org/@lit/reactive-element/-/reactive-element-1.0.1.tgz",
      "integrity": "sha512-nSD5AA2AZkKuXuvGs8IK7K5ZczLAogfDd26zT9l6S7WzvqALdVWcW5vMUiTnZyj5SPcNwNNANj0koeV1ieqTFQ=="
    },
    "@types/trusted-types": {
      "version": "2.0.2",
      "resolved": "https://registry.npmjs.org/@types/trusted-types/-/trusted-types-2.0.2.tgz",
      "integrity": "sha512-F5DIZ36YVLE+PN+Zwws4kJogq47hNgX3Nx6WyDJ3kcplxyke3XIzB8uK5n/Lpm1HBsbGzd6nmGehL8cPekP+Tg=="
    },
    "isometricsass": {
      "version": "1.0.7",
      "resolved": "https://registry.npmjs.org/isometricsass/-/isometricsass-1.0.7.tgz",
      "integrity": "sha512-YmRah3bg/+ZGPodIfGGChtwwZoy7ACai8mrxbjctXVB60xwo4+r28moNTQO2TsdRADa/tTOq6dfVj3f6PITIAA==",
      "dev": true
    },
    "lit": {
      "version": "2.0.2",
      "resolved": "https://registry.npmjs.org/lit/-/lit-2.0.2.tgz",
      "integrity": "sha512-hKA/1YaSB+P+DvKWuR2q1Xzy/iayhNrJ3aveD0OQ9CKn6wUjsdnF/7LavDOJsKP/K5jzW/kXsuduPgRvTFrFJw==",
      "requires": {
        "@lit/reactive-element": "^1.0.0",
        "lit-element": "^3.0.0",
        "lit-html": "^2.0.0"
      }
    },
    "lit-element": {
      "version": "3.0.1",
      "resolved": "https://registry.npmjs.org/lit-element/-/lit-element-3.0.1.tgz",
      "integrity": "sha512-vs9uybH9ORyK49CFjoNGN85HM9h5bmisU4TQ63phe/+GYlwvY/3SIFYKdjV6xNvzz8v2MnVC+9+QOkPqh+Q3Ew==",
      "requires": {
        "@lit/reactive-element": "^1.0.0",
        "lit-html": "^2.0.0"
      }
    },
    "lit-html": {
      "version": "2.0.1",
      "resolved": "https://registry.npmjs.org/lit-html/-/lit-html-2.0.1.tgz",
      "integrity": "sha512-KF5znvFdXbxTYM/GjpdOOnMsjgRcFGusTnB54ixnCTya5zUR0XqrDRj29ybuLS+jLXv1jji6Y8+g4W7WP8uL4w==",
      "requires": {
        "@types/trusted-types": "^2.0.2"
      }
    },
    "path-data-parser": {
      "version": "0.1.0",
      "resolved": "https://registry.npmjs.org/path-data-parser/-/path-data-parser-0.1.0.tgz",
      "integrity": "sha512-NOnmBpt5Y2RWbuv0LMzsayp3lVylAHLPUTut412ZA3l+C4uw4ZVkQbjShYCQ8TCpUMdPapr4YjUqLYD6v68j+w=="
    },
    "points-on-curve": {
      "version": "0.2.0",
      "resolved": "https://registry.npmjs.org/points-on-curve/-/points-on-curve-0.2.0.tgz",
      "integrity": "sha512-0mYKnYYe9ZcqMCWhUjItv/oHjvgEsfKvnUTg8sAtnHr3GVy7rGkXCb6d5cSyqrWqL4k81b9CPg3urd+T7aop3A=="
    },
    "points-on-path": {
      "version": "0.2.1",
      "resolved": "https://registry.npmjs.org/points-on-path/-/points-on-path-0.2.1.tgz",
      "integrity": "sha512-25ClnWWuw7JbWZcgqY/gJ4FQWadKxGWk+3kR/7kD0tCaDtPPMj7oHu2ToLaVhfpnHrZzYby2w6tUA0eOIuUg8g==",
      "requires": {
        "path-data-parser": "0.1.0",
        "points-on-curve": "0.2.0"
      }
    },
    "roughjs": {
      "version": "4.4.1",
      "resolved": "https://registry.npmjs.org/roughjs/-/roughjs-4.4.1.tgz",
      "integrity": "sha512-/RZvyVquID319VDc9HsF8wn8VPpbMBVdr4NMCi7mta9UeBBeqP6h5Hg4GZXG29DL6jwTkfMjyth/MF7Hn6Sq/w==",
      "requires": {
        "path-data-parser": "^0.1.0",
        "points-on-curve": "^0.2.0",
        "points-on-path": "^0.2.1"
      }
    },
    "wired-elements": {
      "version": "3.0.0-rc.6",
      "resolved": "https://registry.npmjs.org/wired-elements/-/wired-elements-3.0.0-rc.6.tgz",
      "integrity": "sha512-EXEOj3okM38tM6uS6I9rXUg545dLxhAmSoqgH8FTnqjXcH6fvNNbT8tyw5c3D5AY1qoVN7vk8S1n0Ulnly9iQw==",
      "requires": {
        "lit": "^2.0.0-rc.1",
        "roughjs": "^4.3.1"
      }
    },
    "xp.css": {
      "version": "0.3.0",
      "resolved": "https://registry.npmjs.org/xp.css/-/xp.css-0.3.0.tgz",
      "integrity": "sha512-+J2RkwXfJsTjoJO0VDz4F4Wqan7tvkxjRArAjmMWAqrlZ775zyEhq1nVRNcPgka0aq9sXQWY3Tc3MvwDerfzxg=="
    }
  }
}
